Microsoft Visual Studio Solution File, Format Version 12.00
# Visual Studio Version 17
VisualStudioVersion = 17.0.31903.59
MinimumVisualStudioVersion = 10.0.40219.1
Project("{2150E333-8FDC-42A3-9474-1A3956D46DE8}") = "src", "src", "{5EA0F438-A7F1-4E1F-A2F1-6E9C8F7F5E3E}"
EndProject
Project("{FAE04EC0-301F-11D3-BF4B-00C04F79EFBC}") = "YouTubeClone.Client", "src\YouTubeClone.Client\YouTubeClone.Client.csproj", "{C8E0F438-A7F1-4E1F-A2F1-6E9C8F7F5E3F}"
EndProject
Project("{FAE04EC0-301F-11D3-BF4B-00C04F79EFBC}") = "YouTubeClone.Server", "src\YouTubeClone.Server\YouTubeClone.Server.csproj", "{D8E0F438-A7F1-4E1F-A2F1-6E9C8F7F5E3F}"
EndProject
Project("{FAE04EC0-301F-11D3-BF4B-00C04F79EFBC}") = "YouTubeClone.Shared", "src\YouTubeClone.Shared\YouTubeClone.Shared.csproj", "{E8E0F438-A7F1-4E1F-A2F1-6E9C8F7F5E3F}"
EndProject
Project("{FAE04EC0-301F-11D3-BF4B-00C04F79EFBC}") = "YouTubeClone.Infrastructure", "src\YouTubeClone.Infrastructure\YouTubeClone.Infrastructure.csproj", "{F8E0F438-A7F1-4E1F-A2F1-6E9C8F7F5E3F}"
EndProject
Global
	GlobalSection(SolutionConfigurationPlatforms) = preSolution
		Debug|Any CPU = Debug|Any CPU
		Release|Any CPU = Release|Any CPU
	EndGlobalSection
	GlobalSection(ProjectConfigurationPlatforms) = postSolution
		{C8E0F438-A7F1-4E1F-A2F1-6E9C8F7F5E3F}.Debug|Any CPU.ActiveCfg = Debug|Any CPU
		{C8E0F438-A7F1-4E1F-A2F1-6E9C8F7F5E3F}.Debug|Any CPU.Build.0 = Debug|Any CPU
		{C8E0F438-A7F1-4E1F-A2F1-6E9C8F7F5E3F}.Release|Any CPU.ActiveCfg = Release|Any CPU
		{C8E0F438-A7F1-4E1F-A2F1-6E9C8F7F5E3F}.Release|Any CPU.Build.0 = Release|Any CPU
		{D8E0F438-A7F1-4E1F-A2F1-6E9C8F7F5E3F}.Debug|Any CPU.ActiveCfg = Debug|Any CPU
		{D8E0F438-A7F1-4E1F-A2F1-6E9C8F7F5E3F}.Debug|Any CPU.Build.0 = Debug|Any CPU
		{D8E0F438-A7F1-4E1F-A2F1-6E9C8F7F5E3F}.Release|Any CPU.ActiveCfg = Release|Any CPU
		{D8E0F438-A7F1-4E1F-A2F1-6E9C8F7F5E3F}.Release|Any CPU.Build.0 = Release|Any CPU
		{E8E0F438-A7F1-4E1F-A2F1-6E9C8F7F5E3F}.Debug|Any CPU.ActiveCfg = Debug|Any CPU
		{E8E0F438-A7F1-4E1F-A2F1-6E9C8F7F5E3F}.Debug|Any CPU.Build.0 = Debug|Any CPU
		{E8E0F438-A7F1-4E1F-A2F1-6E9C8F7F5E3F}.Release|Any CPU.ActiveCfg = Release|Any CPU
		{E8E0F438-A7F1-4E1F-A2F1-6E9C8F7F5E3F}.Release|Any CPU.Build.0 = Release|Any CPU
		{F8E0F438-A7F1-4E1F-A2F1-6E9C8F7F5E3F}.Debug|Any CPU.ActiveCfg = Debug|Any CPU
		{F8E0F438-A7F1-4E1F-A2F1-6E9C8F7F5E3F}.Debug|Any CPU.Build.0 = Debug|Any CPU
		{F8E0F438-A7F1-4E1F-A2F1-6E9C8F7F5E3F}.Release|Any CPU.ActiveCfg = Release|Any CPU
		{F8E0F438-A7F1-4E1F-A2F1-6E9C8F7F5E3F}.Release|Any CPU.Build.0 = Release|Any CPU
	EndGlobalSection
	GlobalSection(SolutionProperties) = preSolution
		HideSolutionNode = FALSE
	EndGlobalSection
	GlobalSection(NestedProjects) = preSolution
		{C8E0F438-A7F1-4E1F-A2F1-6E9C8F7F5E3F} = {5EA0F438-A7F1-4E1F-A2F1-6E9C8F7F5E3E}
		{D8E0F438-A7F1-4E1F-A2F1-6E9C8F7F5E3F} = {5EA0F438-A7F1-4E1F-A2F1-6E9C8F7F5E3E}
		{E8E0F438-A7F1-4E1F-A2F1-6E9C8F7F5E3F} = {5EA0F438-A7F1-4E1F-A2F1-6E9C8F7F5E3E}
		{F8E0F438-A7F1-4E1F-A2F1-6E9C8F7F5E3F} = {5EA0F438-A7F1-4E1F-A2F1-6E9C8F7F5E3E}
	EndGlobalSection
	GlobalSection(ExtensibilityGlobals) = postSolution
		SolutionGuid = {5EA0F438-A7F1-4E1F-A2F1-6E9C8F7F5E3E}
	EndGlobalSection
EndGlobal
